
Microsoft Visual Studio Solution File, Format Version 12.00
# Visual Studio 2012
Project("{FAE04EC0-301F-11D3-BF4B-00C04F79EFBC}") = "OpenGlGame", "OpenGlGame\OpenGlGame.csproj", "{528E2219-CDC7-4932-BDE3-E5488EBF7210}"
EndProject
Project("{FAE04EC0-301F-11D3-BF4B-00C04F79EFBC}") = "GameCore", "GameCore\GameCore.csproj", "{0425F8F6-B74B-413F-96D4-8465AC1B2738}"
EndProject
Project("{2150E333-8FDC-42A3-9474-1A3956D46DE8}") = "External", "External", "{B42875A2-DFAC-4593-AB26-F7D58513967A}"
EndProject
Project("{FAE04EC0-301F-11D3-BF4B-00C04F79EFBC}") = "OpenGL", "..\opengl4csharp\OpenGL\OpenGL.csproj", "{4A3D3106-AFEC-4E04-9630-7A1A2D0C16DB}"
EndProject
Project("{2150E333-8FDC-42A3-9474-1A3956D46DE8}") = "Glut", "Glut", "{94381022-6936-4BFF-A66F-C1118E3B220B}"
EndProject
Project("{FAE04EC0-301F-11D3-BF4B-00C04F79EFBC}") = "Async", "External\Async\Async.csproj", "{18BCA4A3-F860-4558-9EB7-0C7FECDBD3BE}"
EndProject
Project("{2150E333-8FDC-42A3-9474-1A3956D46DE8}") = "Solution Items", "Solution Items", "{96F6E608-043B-4AF5-A67A-CF4AB9221995}"
	ProjectSection(SolutionItems) = preProject
		ChangeLog.md = ChangeLog.md
		README.md = README.md
		Todo.md = Todo.md
	EndProjectSection
EndProject
Global
	GlobalSection(SolutionConfigurationPlatforms) = preSolution
		Debug|Any CPU = Debug|Any CPU
		Release|Any CPU = Release|Any CPU
	EndGlobalSection
	GlobalSection(ProjectConfigurationPlatforms) = postSolution
		{528E2219-CDC7-4932-BDE3-E5488EBF7210}.Debug|Any CPU.ActiveCfg = Debug|Any CPU
		{528E2219-CDC7-4932-BDE3-E5488EBF7210}.Debug|Any CPU.Build.0 = Debug|Any CPU
		{528E2219-CDC7-4932-BDE3-E5488EBF7210}.Release|Any CPU.ActiveCfg = Release|Any CPU
		{528E2219-CDC7-4932-BDE3-E5488EBF7210}.Release|Any CPU.Build.0 = Release|Any CPU
		{0425F8F6-B74B-413F-96D4-8465AC1B2738}.Debug|Any CPU.ActiveCfg = Debug|Any CPU
		{0425F8F6-B74B-413F-96D4-8465AC1B2738}.Debug|Any CPU.Build.0 = Debug|Any CPU
		{0425F8F6-B74B-413F-96D4-8465AC1B2738}.Release|Any CPU.ActiveCfg = Release|Any CPU
		{0425F8F6-B74B-413F-96D4-8465AC1B2738}.Release|Any CPU.Build.0 = Release|Any CPU
		{4A3D3106-AFEC-4E04-9630-7A1A2D0C16DB}.Debug|Any CPU.ActiveCfg = Debug|Any CPU
		{4A3D3106-AFEC-4E04-9630-7A1A2D0C16DB}.Debug|Any CPU.Build.0 = Debug|Any CPU
		{4A3D3106-AFEC-4E04-9630-7A1A2D0C16DB}.Release|Any CPU.ActiveCfg = Release|Any CPU
		{4A3D3106-AFEC-4E04-9630-7A1A2D0C16DB}.Release|Any CPU.Build.0 = Release|Any CPU
		{18BCA4A3-F860-4558-9EB7-0C7FECDBD3BE}.Debug|Any CPU.ActiveCfg = Debug|Any CPU
		{18BCA4A3-F860-4558-9EB7-0C7FECDBD3BE}.Debug|Any CPU.Build.0 = Debug|Any CPU
		{18BCA4A3-F860-4558-9EB7-0C7FECDBD3BE}.Release|Any CPU.ActiveCfg = Release|Any CPU
		{18BCA4A3-F860-4558-9EB7-0C7FECDBD3BE}.Release|Any CPU.Build.0 = Release|Any CPU
	EndGlobalSection
	GlobalSection(SolutionProperties) = preSolution
		HideSolutionNode = FALSE
	EndGlobalSection
	GlobalSection(NestedProjects) = preSolution
		{4A3D3106-AFEC-4E04-9630-7A1A2D0C16DB} = {B42875A2-DFAC-4593-AB26-F7D58513967A}
		{94381022-6936-4BFF-A66F-C1118E3B220B} = {B42875A2-DFAC-4593-AB26-F7D58513967A}
		{18BCA4A3-F860-4558-9EB7-0C7FECDBD3BE} = {B42875A2-DFAC-4593-AB26-F7D58513967A}
	EndGlobalSection
EndGlobal
